
Microsoft Visual Studio Solution File, Format Version 12.00
# Visual Studio Version 17
VisualStudioVersion = 17.11.35312.102
MinimumVisualStudioVersion = 10.0.40219.1
Project("{FAE04EC0-301F-11D3-BF4B-00C04F79EFBC}") = "TestSIE", "TestSIE\TestSIE.csproj", "{AF16DADA-3966-4A0B-8DB2-2A641A0F0545}"
EndProject
Global
	GlobalSection(SolutionConfigurationPlatforms) = preSolution
		Debug|Any CPU = Debug|Any CPU
		Release|Any CPU = Release|Any CPU
	EndGlobalSection
	GlobalSection(ProjectConfigurationPlatforms) = postSolution
		{AF16DADA-3966-4A0B-8DB2-2A641A0F0545}.Debug|Any CPU.ActiveCfg = Debug|Any CPU
		{AF16DADA-3966-4A0B-8DB2-2A641A0F0545}.Debug|Any CPU.Build.0 = Debug|Any CPU
		{AF16DADA-3966-4A0B-8DB2-2A641A0F0545}.Release|Any CPU.ActiveCfg = Release|Any CPU
		{AF16DADA-3966-4A0B-8DB2-2A641A0F0545}.Release|Any CPU.Build.0 = Release|Any CPU
	EndGlobalSection
	GlobalSection(SolutionProperties) = preSolution
		HideSolutionNode = FALSE
	EndGlobalSection
	GlobalSection(ExtensibilityGlobals) = postSolution
		SolutionGuid = {37B6EE6F-239B-4B2F-8998-6832F248BAF1}
	EndGlobalSection
EndGlobal
